// !$*UTF8*$!
{
	archiveVersion = 1;
	classes = {
	};
	objectVersion = 46;
	objects = {

/* Begin PBXBuildFile section */
		56EC89A217324BEC00D13FF1 /* Foundation.framework in Frameworks */ = {isa = PBXBuildFile; fileRef = 56EC89A117324BEC00D13FF1 /* Foundation.framework */; };
		56EC89A517324BEC00D13FF1 /* main.m in Sources */ = {isa = PBXBuildFile; fileRef = 56EC89A417324BEC00D13FF1 /* main.m */; };
		56EC89A917324BEC00D13FF1 /* DynamicObject.1 in CopyFiles */ = {isa = PBXBuildFile; fileRef = 56EC89A817324BEC00D13FF1 /* DynamicObject.1 */; };
/* End PBXBuildFile section */

/* Begin PBXCopyFilesBuildPhase section */
		56EC899C17324BEC00D13FF1 /* CopyFiles */ = {
			isa = PBXCopyFilesBuildPhase;
			buildActionMask = 2147483647;
			dstPath = /usr/share/man/man1/;
			dstSubfolderSpec = 0;
			files = (
				56EC89A917324BEC00D13FF1 /* DynamicObject.1 in CopyFiles */,
			);
			runOnlyForDeploymentPostprocessing = 1;
		};
/* End PBXCopyFilesBuildPhase section */

/* Begin PBXFileReference section */
		56EC899E17324BEC00D13FF1 /* DynamicObject */ = {isa = PBXFileReference; explicitFileType = "compiled.mach-o.executable"; includeInIndex = 0; path = DynamicObject; sourceTree = BUILT_PRODUCTS_DIR; };
		56EC89A117324BEC00D13FF1 /* Foundation.framework */ = {isa = PBXFileReference; lastKnownFileType = wrapper.framework; name = Foundation.framework; path = System/Library/Frameworks/Foundation.framework; sourceTree = SDKROOT; };
		56EC89A417324BEC00D13FF1 /* main.m */ = {isa = PBXFileReference; lastKnownFileType = sourcecode.c.objc; path = main.m; sourceTree = "<group>"; };
		56EC89A717324BEC00D13FF1 /* DynamicObject-Prefix.pch */ = {isa = PBXFileReference; lastKnownFileType = sourcecode.c.h; path = "DynamicObject-Prefix.pch"; sourceTree = "<group>"; };
		56EC89A817324BEC00D13FF1 /* DynamicObject.1 */ = {isa = PBXFileReference; lastKnownFileType = text.man; path = DynamicObject.1; sourceTree = "<group>"; };
/* End PBXFileReference section */

/* Begin PBXFrameworksBuildPhase section */
		56EC899B17324BEC00D13FF1 /* Frameworks */ = {
			isa = PBXFrameworksBuildPhase;
			buildActionMask = 2147483647;
			files = (
				56EC89A217324BEC00D13FF1 /* Foundation.framework in Frameworks */,
			);
			runOnlyForDeploymentPostprocessing = 0;
		};
/* End PBXFrameworksBuildPhase section */

/* Begin PBXGroup section */
		56EC899517324BEC00D13FF1 = {
			isa = PBXGroup;
			children = (
				56EC89A317324BEC00D13FF1 /* DynamicObject */,
				56EC89A017324BEC00D13FF1 /* Frameworks */,
				56EC899F17324BEC00D13FF1 /* Products */,
			);
			sourceTree = "<group>";
		};
		56EC899F17324BEC00D13FF1 /* Products */ = {
			isa = PBXGroup;
			children = (
				56EC899E17324BEC00D13FF1 /* DynamicObject */,
			);
			name = Products;
			sourceTree = "<group>";
		};
		56EC89A017324BEC00D13FF1 /* Frameworks */ = {
			isa = PBXGroup;
			children = (
				56EC89A117324BEC00D13FF1 /* Foundation.framework */,
			);
			name = Frameworks;
			sourceTree = "<group>";
		};
		56EC89A317324BEC00D13FF1 /* DynamicObject */ = {
			isa = PBXGroup;
			children = (
				56EC89A417324BEC00D13FF1 /* main.m */,
				56EC89A817324BEC00D13FF1 /* DynamicObject.1 */,
				56EC89A617324BEC00D13FF1 /* Supporting Files */,
			);
			path = DynamicObject;
			sourceTree = "<group>";
		};
		56EC89A617324BEC00D13FF1 /* Supporting Files */ = {
			isa = PBXGroup;
			children = (
				56EC89A717324BEC00D13FF1 /* DynamicObject-Prefix.pch */,
			);
			name = "Supporting Files";
			sourceTree = "<group>";
		};
/* End PBXGroup section */

/* Begin PBXNativeTarget section */
		56EC899D17324BEC00D13FF1 /* DynamicObject */ = {
			isa = PBXNativeTarget;
			buildConfigurationList = 56EC89AC17324BEC00D13FF1 /* Build configuration list for PBXNativeTarget "DynamicObject" */;
			buildPhases = (
				56EC899A17324BEC00D13FF1 /* Sources */,
				56EC899B17324BEC00D13FF1 /* Frameworks */,
				56EC899C17324BEC00D13FF1 /* CopyFiles */,
			);
			buildRules = (
			);
			dependencies = (
			);
			name = DynamicObject;
			productName = DynamicObject;
			productReference = 56EC899E17324BEC00D13FF1 /* DynamicObject */;
			productType = "com.apple.product-type.tool";
		};
/* End PBXNativeTarget section */

/* Begin PBXProject section */
		56EC899617324BEC00D13FF1 /* Project object */ = {
			isa = PBXProject;
			attributes = {
				LastUpgradeCheck = 0460;
				ORGANIZATIONNAME = "Oguzhan Gungor";
			};
			buildConfigurationList = 56EC899917324BEC00D13FF1 /* Build configuration list for PBXProject "DynamicObject" */;
			compatibilityVersion = "Xcode 3.2";
			developmentRegion = English;
			hasScannedForEncodings = 0;
			knownRegions = (
				en,
			);
			mainGroup = 56EC899517324BEC00D13FF1;
			productRefGroup = 56EC899F17324BEC00D13FF1 /* Products */;
			projectDirPath = "";
			projectRoot = "";
			targets = (
				56EC899D17324BEC00D13FF1 /* DynamicObject */,
			);
		};
/* End PBXProject section */

/* Begin PBXSourcesBuildPhase section */
		56EC899A17324BEC00D13FF1 /* Sources */ = {
			isa = PBXSourcesBuildPhase;
			buildActionMask = 2147483647;
			files = (
				56EC89A517324BEC00D13FF1 /* main.m in Sources */,
			);
			runOnlyForDeploymentPostprocessing = 0;
		};
/* End PBXSourcesBuildPhase section */

/* Begin XCBuildConfiguration section */
		56EC89AA17324BEC00D13FF1 /* Debug */ = {
			isa = XCBuildConfiguration;
			buildSettings = {
				ALWAYS_SEARCH_USER_PATHS = NO;
				ARCHS = "$(ARCHS_STANDARD_64_BIT)";
				CLANG_CXX_LANGUAGE_STANDARD = "gnu++0x";
				CLANG_CXX_LIBRARY = "libc++";
				CLANG_WARN_CONSTANT_CONVERSION = YES;
				CLANG_WARN_EMPTY_BODY = YES;
				CLANG_WARN_ENUM_CONVERSION = YES;
				CLANG_WARN_INT_CONVERSION = YES;
				CLANG_WARN__DUPLICATE_METHOD_MATCH = YES;
				COPY_PHASE_STRIP = NO;
				GCC_C_LANGUAGE_STANDARD = gnu99;
				GCC_DYNAMIC_NO_PIC = NO;
				GCC_ENABLE_OBJC_EXCEPTIONS = YES;
				GCC_OPTIMIZATION_LEVEL = 0;
				GCC_PREPROCESSOR_DEFINITIONS = (
					"DEBUG=1",
					"$(inherited)",
				);
				GCC_SYMBOLS_PRIVATE_EXTERN = NO;
				GCC_WARN_64_TO_32_BIT_CONVERSION = YES;
				GCC_WARN_ABOUT_RETURN_TYPE = YES;
				GCC_WARN_UNINITIALIZED_AUTOS = YES;
				GCC_WARN_UNUSED_VARIABLE = YES;
				MACOSX_DEPLOYMENT_TARGET = 10.8;
				ONLY_ACTIVE_ARCH = YES;
				SDKROOT = macosx;
			};
			name = Debug;
		};
		56EC89AB17324BEC00D13FF1 /* Release */ = {
			isa = XCBuildConfiguration;
			buildSettings = {
				ALWAYS_SEARCH_USER_PATHS = NO;
				ARCHS = "$(ARCHS_STANDARD_64_BIT)";
				CLANG_CXX_LANGUAGE_STANDARD = "gnu++0x";
				CLANG_CXX_LIBRARY = "libc++";
				CLANG_WARN_CONSTANT_CONVERSION = YES;
				CLANG_WARN_EMPTY_BODY = YES;
				CLANG_WARN_ENUM_CONVERSION = YES;
				CLANG_WARN_INT_CONVERSION = YES;
				CLANG_WARN__DUPLICATE_METHOD_MATCH = YES;
				COPY_PHASE_STRIP = YES;
				DEBUG_INFORMATION_FORMAT = "dwarf-with-dsym";
				GCC_C_LANGUAGE_STANDARD = gnu99;
				GCC_ENABLE_OBJC_EXCEPTIONS = YES;
				GCC_WARN_64_TO_32_BIT_CONVERSION = YES;
				GCC_WARN_ABOUT_RETURN_TYPE = YES;
				GCC_WARN_UNINITIALIZED_AUTOS = YES;
				GCC_WARN_UNUSED_VARIABLE = YES;
				MACOSX_DEPLOYMENT_TARGET = 10.8;
				SDKROOT = macosx;
			};
			name = Release;
		};
		56EC89AD17324BEC00D13FF1 /* Debug */ = {
			isa = XCBuildConfiguration;
			buildSettings = {
				GCC_PRECOMPILE_PREFIX_HEADER = YES;
				GCC_PREFIX_HEADER = "DynamicObject/DynamicObject-Prefix.pch";
				PRODUCT_NAME = "$(TARGET_NAME)";
			};
			name = Debug;
		};
		56EC89AE17324BEC00D13FF1 /* Release */ = {
			isa = XCBuildConfiguration;
			buildSettings = {
				GCC_PRECOMPILE_PREFIX_HEADER = YES;
				GCC_PREFIX_HEADER = "DynamicObject/DynamicObject-Prefix.pch";
				PRODUCT_NAME = "$(TARGET_NAME)";
			};
			name = Release;
		};
/* End XCBuildConfiguration section */

/* Begin XCConfigurationList section */
		56EC899917324BEC00D13FF1 /* Build configuration list for PBXProject "DynamicObject" */ = {
			isa = XCConfigurationList;
			buildConfigurations = (
				56EC89AA17324BEC00D13FF1 /* Debug */,
				56EC89AB17324BEC00D13FF1 /* Release */,
			);
			defaultConfigurationIsVisible = 0;
			defaultConfigurationName = Release;
		};
		56EC89AC17324BEC00D13FF1 /* Build configuration list for PBXNativeTarget "DynamicObject" */ = {
			isa = XCConfigurationList;
			buildConfigurations = (
				56EC89AD17324BEC00D13FF1 /* Debug */,
				56EC89AE17324BEC00D13FF1 /* Release */,
			);
			defaultConfigurationIsVisible = 0;
		};
/* End XCConfigurationList section */
	};
	rootObject = 56EC899617324BEC00D13FF1 /* Project object */;
}
